
Microsoft Visual Studio Solution File, Format Version 12.00
# Visual Studio Version 16
VisualStudioVersion = 16.0.30320.27
MinimumVisualStudioVersion = 10.0.40219.1
Project("{9A19103F-16F7-4668-BE54-9A1E7A4F7556}") = "ForkApp.API", "ForkApp.API.csproj", "{E9155679-7A28-4CAC-B397-2E9D44A8ED8B}"
EndProject
Global
	GlobalSection(SolutionConfigurationPlatforms) = preSolution
		Debug|Any CPU = Debug|Any CPU
		Release|Any CPU = Release|Any CPU
	EndGlobalSection
	GlobalSection(ProjectConfigurationPlatforms) = postSolution
		{E9155679-7A28-4CAC-B397-2E9D44A8ED8B}.Debug|Any CPU.ActiveCfg = Debug|Any CPU
		{E9155679-7A28-4CAC-B397-2E9D44A8ED8B}.Debug|Any CPU.Build.0 = Debug|Any CPU
		{E9155679-7A28-4CAC-B397-2E9D44A8ED8B}.Release|Any CPU.ActiveCfg = Release|Any CPU
		{E9155679-7A28-4CAC-B397-2E9D44A8ED8B}.Release|Any CPU.Build.0 = Release|Any CPU
	EndGlobalSection
	GlobalSection(SolutionProperties) = preSolution
		HideSolutionNode = FALSE
	EndGlobalSection
	GlobalSection(ExtensibilityGlobals) = postSolution
		SolutionGuid = {89E3CB1C-10F6-41DD-994D-47EDD0FCBA9A}
	EndGlobalSection
EndGlobal
